
Microsoft Visual Studio Solution File, Format Version 12.00
# Visual Studio Version 16
VisualStudioVersion = 16.0.33529.622
MinimumVisualStudioVersion = 10.0.40219.1
Project("{FAE04EC0-301F-11D3-BF4B-00C04F79EFBC}") = "dz_14._04", "14.04.23_HW\dz_14._04.csproj", "{B882F42F-75B2-4C3A-A0EE-63EB1F11D0A0}"
EndProject
Global
	GlobalSection(SolutionConfigurationPlatforms) = preSolution
		Debug|Any CPU = Debug|Any CPU
		Release|Any CPU = Release|Any CPU
	EndGlobalSection
	GlobalSection(ProjectConfigurationPlatforms) = postSolution
		{B882F42F-75B2-4C3A-A0EE-63EB1F11D0A0}.Debug|Any CPU.ActiveCfg = Debug|Any CPU
		{B882F42F-75B2-4C3A-A0EE-63EB1F11D0A0}.Debug|Any CPU.Build.0 = Debug|Any CPU
		{B882F42F-75B2-4C3A-A0EE-63EB1F11D0A0}.Release|Any CPU.ActiveCfg = Release|Any CPU
		{B882F42F-75B2-4C3A-A0EE-63EB1F11D0A0}.Release|Any CPU.Build.0 = Release|Any CPU
	EndGlobalSection
	GlobalSection(SolutionProperties) = preSolution
		HideSolutionNode = FALSE
	EndGlobalSection
	GlobalSection(ExtensibilityGlobals) = postSolution
		SolutionGuid = {4D2DE241-11C4-4124-8578-7E62175E8404}
	EndGlobalSection
EndGlobal
